
Microsoft Visual Studio Solution File, Format Version 12.00
# Visual Studio Version 16
VisualStudioVersion = 16.0.31321.278
MinimumVisualStudioVersion = 10.0.40219.1
Project("{FAE04EC0-301F-11D3-BF4B-00C04F79EFBC}") = "Vanitha-BS HandsOn1-Day1", "Vanitha-BS HandsOn1-Day1\Vanitha-BS HandsOn1-Day1.csproj", "{04A94544-4DFE-4364-B6D4-05B4D058544B}"
EndProject
Global
	GlobalSection(SolutionConfigurationPlatforms) = preSolution
		Debug|Any CPU = Debug|Any CPU
		Release|Any CPU = Release|Any CPU
	EndGlobalSection
	GlobalSection(ProjectConfigurationPlatforms) = postSolution
		{04A94544-4DFE-4364-B6D4-05B4D058544B}.Debug|Any CPU.ActiveCfg = Debug|Any CPU
		{04A94544-4DFE-4364-B6D4-05B4D058544B}.Debug|Any CPU.Build.0 = Debug|Any CPU
		{04A94544-4DFE-4364-B6D4-05B4D058544B}.Release|Any CPU.ActiveCfg = Release|Any CPU
		{04A94544-4DFE-4364-B6D4-05B4D058544B}.Release|Any CPU.Build.0 = Release|Any CPU
	EndGlobalSection
	GlobalSection(SolutionProperties) = preSolution
		HideSolutionNode = FALSE
	EndGlobalSection
	GlobalSection(ExtensibilityGlobals) = postSolution
		SolutionGuid = {F5934883-48A1-43F7-ADD1-AC1D13CFF2F0}
	EndGlobalSection
EndGlobal
